
Microsoft Visual Studio Solution File, Format Version 11.00
# Visual Studio 2010
Project("{FAE04EC0-301F-11D3-BF4B-00C04F79EFBC}") = "FingerprintImageQualityNew", "FingerprintImageQualityNew\FingerprintImageQualityNew.csproj", "{60905CF5-5D22-4046-ACAD-B6EB47DBE81C}"
EndProject
Project("{FAE04EC0-301F-11D3-BF4B-00C04F79EFBC}") = "TestingInterface", "TestingInterface\TestingInterface.csproj", "{EA23E8F2-7111-4A68-869C-9EBC67F7AD76}"
EndProject
Global
	GlobalSection(SolutionConfigurationPlatforms) = preSolution
		Debug|Any CPU = Debug|Any CPU
		Debug|Mixed Platforms = Debug|Mixed Platforms
		Debug|x86 = Debug|x86
		Release|Any CPU = Release|Any CPU
		Release|Mixed Platforms = Release|Mixed Platforms
		Release|x86 = Release|x86
	EndGlobalSection
	GlobalSection(ProjectConfigurationPlatforms) = postSolution
		{60905CF5-5D22-4046-ACAD-B6EB47DBE81C}.Debug|Any CPU.ActiveCfg = Debug|Any CPU
		{60905CF5-5D22-4046-ACAD-B6EB47DBE81C}.Debug|Any CPU.Build.0 = Debug|Any CPU
		{60905CF5-5D22-4046-ACAD-B6EB47DBE81C}.Debug|Mixed Platforms.ActiveCfg = Debug|Any CPU
		{60905CF5-5D22-4046-ACAD-B6EB47DBE81C}.Debug|Mixed Platforms.Build.0 = Debug|Any CPU
		{60905CF5-5D22-4046-ACAD-B6EB47DBE81C}.Debug|x86.ActiveCfg = Debug|Any CPU
		{60905CF5-5D22-4046-ACAD-B6EB47DBE81C}.Release|Any CPU.ActiveCfg = Release|Any CPU
		{60905CF5-5D22-4046-ACAD-B6EB47DBE81C}.Release|Any CPU.Build.0 = Release|Any CPU
		{60905CF5-5D22-4046-ACAD-B6EB47DBE81C}.Release|Mixed Platforms.ActiveCfg = Release|Any CPU
		{60905CF5-5D22-4046-ACAD-B6EB47DBE81C}.Release|Mixed Platforms.Build.0 = Release|Any CPU
		{60905CF5-5D22-4046-ACAD-B6EB47DBE81C}.Release|x86.ActiveCfg = Release|Any CPU
		{EA23E8F2-7111-4A68-869C-9EBC67F7AD76}.Debug|Any CPU.ActiveCfg = Debug|x86
		{EA23E8F2-7111-4A68-869C-9EBC67F7AD76}.Debug|Mixed Platforms.ActiveCfg = Debug|x86
		{EA23E8F2-7111-4A68-869C-9EBC67F7AD76}.Debug|Mixed Platforms.Build.0 = Debug|x86
		{EA23E8F2-7111-4A68-869C-9EBC67F7AD76}.Debug|x86.ActiveCfg = Debug|x86
		{EA23E8F2-7111-4A68-869C-9EBC67F7AD76}.Debug|x86.Build.0 = Debug|x86
		{EA23E8F2-7111-4A68-869C-9EBC67F7AD76}.Release|Any CPU.ActiveCfg = Release|x86
		{EA23E8F2-7111-4A68-869C-9EBC67F7AD76}.Release|Mixed Platforms.ActiveCfg = Release|x86
		{EA23E8F2-7111-4A68-869C-9EBC67F7AD76}.Release|Mixed Platforms.Build.0 = Release|x86
		{EA23E8F2-7111-4A68-869C-9EBC67F7AD76}.Release|x86.ActiveCfg = Release|x86
		{EA23E8F2-7111-4A68-869C-9EBC67F7AD76}.Release|x86.Build.0 = Release|x86
	EndGlobalSection
	GlobalSection(SolutionProperties) = preSolution
		HideSolutionNode = FALSE
	EndGlobalSection
EndGlobal
